
Microsoft Visual Studio Solution File, Format Version 12.00
# Visual Studio Version 16
VisualStudioVersion = 16.0.30114.105
MinimumVisualStudioVersion = 10.0.40219.1
Project("{FAE04EC0-301F-11D3-BF4B-00C04F79EFBC}") = "WebApi", "WebApi\WebApi.csproj", "{D1BAA54F-F326-4192-B63C-E070B3EE034D}"
EndProject
Project("{FAE04EC0-301F-11D3-BF4B-00C04F79EFBC}") = "Apllication", "Apllication\Apllication.csproj", "{3CF074D0-ECB5-4E6F-A47A-51900DBBE8F8}"
EndProject
Project("{FAE04EC0-301F-11D3-BF4B-00C04F79EFBC}") = "Infrasctructure", "Infrasctructure\Infrasctructure.csproj", "{9B97F7C5-5832-4ACD-8DBC-94F595165EB8}"
EndProject
Project("{FAE04EC0-301F-11D3-BF4B-00C04F79EFBC}") = "Domain", "Domain\Domain.csproj", "{DF35A645-AC0E-4FED-8DEF-F1BDCB3D3B38}"
EndProject
Global
	GlobalSection(SolutionConfigurationPlatforms) = preSolution
		Debug|Any CPU = Debug|Any CPU
		Debug|x64 = Debug|x64
		Debug|x86 = Debug|x86
		Release|Any CPU = Release|Any CPU
		Release|x64 = Release|x64
		Release|x86 = Release|x86
	EndGlobalSection
	GlobalSection(SolutionProperties) = preSolution
		HideSolutionNode = FALSE
	EndGlobalSection
	GlobalSection(ProjectConfigurationPlatforms) = postSolution
		{D1BAA54F-F326-4192-B63C-E070B3EE034D}.Debug|Any CPU.ActiveCfg = Debug|Any CPU
		{D1BAA54F-F326-4192-B63C-E070B3EE034D}.Debug|Any CPU.Build.0 = Debug|Any CPU
		{D1BAA54F-F326-4192-B63C-E070B3EE034D}.Debug|x64.ActiveCfg = Debug|Any CPU
		{D1BAA54F-F326-4192-B63C-E070B3EE034D}.Debug|x64.Build.0 = Debug|Any CPU
		{D1BAA54F-F326-4192-B63C-E070B3EE034D}.Debug|x86.ActiveCfg = Debug|Any CPU
		{D1BAA54F-F326-4192-B63C-E070B3EE034D}.Debug|x86.Build.0 = Debug|Any CPU
		{D1BAA54F-F326-4192-B63C-E070B3EE034D}.Release|Any CPU.ActiveCfg = Release|Any CPU
		{D1BAA54F-F326-4192-B63C-E070B3EE034D}.Release|Any CPU.Build.0 = Release|Any CPU
		{D1BAA54F-F326-4192-B63C-E070B3EE034D}.Release|x64.ActiveCfg = Release|Any CPU
		{D1BAA54F-F326-4192-B63C-E070B3EE034D}.Release|x64.Build.0 = Release|Any CPU
		{D1BAA54F-F326-4192-B63C-E070B3EE034D}.Release|x86.ActiveCfg = Release|Any CPU
		{D1BAA54F-F326-4192-B63C-E070B3EE034D}.Release|x86.Build.0 = Release|Any CPU
		{3CF074D0-ECB5-4E6F-A47A-51900DBBE8F8}.Debug|Any CPU.ActiveCfg = Debug|Any CPU
		{3CF074D0-ECB5-4E6F-A47A-51900DBBE8F8}.Debug|Any CPU.Build.0 = Debug|Any CPU
		{3CF074D0-ECB5-4E6F-A47A-51900DBBE8F8}.Debug|x64.ActiveCfg = Debug|Any CPU
		{3CF074D0-ECB5-4E6F-A47A-51900DBBE8F8}.Debug|x64.Build.0 = Debug|Any CPU
		{3CF074D0-ECB5-4E6F-A47A-51900DBBE8F8}.Debug|x86.ActiveCfg = Debug|Any CPU
		{3CF074D0-ECB5-4E6F-A47A-51900DBBE8F8}.Debug|x86.Build.0 = Debug|Any CPU
		{3CF074D0-ECB5-4E6F-A47A-51900DBBE8F8}.Release|Any CPU.ActiveCfg = Release|Any CPU
		{3CF074D0-ECB5-4E6F-A47A-51900DBBE8F8}.Release|Any CPU.Build.0 = Release|Any CPU
		{3CF074D0-ECB5-4E6F-A47A-51900DBBE8F8}.Release|x64.ActiveCfg = Release|Any CPU
		{3CF074D0-ECB5-4E6F-A47A-51900DBBE8F8}.Release|x64.Build.0 = Release|Any CPU
		{3CF074D0-ECB5-4E6F-A47A-51900DBBE8F8}.Release|x86.ActiveCfg = Release|Any CPU
		{3CF074D0-ECB5-4E6F-A47A-51900DBBE8F8}.Release|x86.Build.0 = Release|Any CPU
		{9B97F7C5-5832-4ACD-8DBC-94F595165EB8}.Debug|Any CPU.ActiveCfg = Debug|Any CPU
		{9B97F7C5-5832-4ACD-8DBC-94F595165EB8}.Debug|Any CPU.Build.0 = Debug|Any CPU
		{9B97F7C5-5832-4ACD-8DBC-94F595165EB8}.Debug|x64.ActiveCfg = Debug|Any CPU
		{9B97F7C5-5832-4ACD-8DBC-94F595165EB8}.Debug|x64.Build.0 = Debug|Any CPU
		{9B97F7C5-5832-4ACD-8DBC-94F595165EB8}.Debug|x86.ActiveCfg = Debug|Any CPU
		{9B97F7C5-5832-4ACD-8DBC-94F595165EB8}.Debug|x86.Build.0 = Debug|Any CPU
		{9B97F7C5-5832-4ACD-8DBC-94F595165EB8}.Release|Any CPU.ActiveCfg = Release|Any CPU
		{9B97F7C5-5832-4ACD-8DBC-94F595165EB8}.Release|Any CPU.Build.0 = Release|Any CPU
		{9B97F7C5-5832-4ACD-8DBC-94F595165EB8}.Release|x64.ActiveCfg = Release|Any CPU
		{9B97F7C5-5832-4ACD-8DBC-94F595165EB8}.Release|x64.Build.0 = Release|Any CPU
		{9B97F7C5-5832-4ACD-8DBC-94F595165EB8}.Release|x86.ActiveCfg = Release|Any CPU
		{9B97F7C5-5832-4ACD-8DBC-94F595165EB8}.Release|x86.Build.0 = Release|Any CPU
		{DF35A645-AC0E-4FED-8DEF-F1BDCB3D3B38}.Debug|Any CPU.ActiveCfg = Debug|Any CPU
		{DF35A645-AC0E-4FED-8DEF-F1BDCB3D3B38}.Debug|Any CPU.Build.0 = Debug|Any CPU
		{DF35A645-AC0E-4FED-8DEF-F1BDCB3D3B38}.Debug|x64.ActiveCfg = Debug|Any CPU
		{DF35A645-AC0E-4FED-8DEF-F1BDCB3D3B38}.Debug|x64.Build.0 = Debug|Any CPU
		{DF35A645-AC0E-4FED-8DEF-F1BDCB3D3B38}.Debug|x86.ActiveCfg = Debug|Any CPU
		{DF35A645-AC0E-4FED-8DEF-F1BDCB3D3B38}.Debug|x86.Build.0 = Debug|Any CPU
		{DF35A645-AC0E-4FED-8DEF-F1BDCB3D3B38}.Release|Any CPU.ActiveCfg = Release|Any CPU
		{DF35A645-AC0E-4FED-8DEF-F1BDCB3D3B38}.Release|Any CPU.Build.0 = Release|Any CPU
		{DF35A645-AC0E-4FED-8DEF-F1BDCB3D3B38}.Release|x64.ActiveCfg = Release|Any CPU
		{DF35A645-AC0E-4FED-8DEF-F1BDCB3D3B38}.Release|x64.Build.0 = Release|Any CPU
		{DF35A645-AC0E-4FED-8DEF-F1BDCB3D3B38}.Release|x86.ActiveCfg = Release|Any CPU
		{DF35A645-AC0E-4FED-8DEF-F1BDCB3D3B38}.Release|x86.Build.0 = Release|Any CPU
	EndGlobalSection
EndGlobal
